
Microsoft Visual Studio Solution File, Format Version 12.00
# Visual Studio Version 17
VisualStudioVersion = 17.5.33627.172
MinimumVisualStudioVersion = 10.0.40219.1
Project("{FAE04EC0-301F-11D3-BF4B-00C04F79EFBC}") = "ColorsWPF", "ColorsWPF\ColorsWPF.csproj", "{805E9015-8548-44E4-9A1C-F03BFB67AD3B}"
EndProject
Project("{FAE04EC0-301F-11D3-BF4B-00C04F79EFBC}") = "Colors2", "Colors2\Colors2.csproj", "{722C1294-1B71-4081-B82F-65F60554D5D8}"
EndProject
Global
	GlobalSection(SolutionConfigurationPlatforms) = preSolution
		Debug|Any CPU = Debug|Any CPU
		Release|Any CPU = Release|Any CPU
	EndGlobalSection
	GlobalSection(ProjectConfigurationPlatforms) = postSolution
		{805E9015-8548-44E4-9A1C-F03BFB67AD3B}.Debug|Any CPU.ActiveCfg = Debug|Any CPU
		{805E9015-8548-44E4-9A1C-F03BFB67AD3B}.Debug|Any CPU.Build.0 = Debug|Any CPU
		{805E9015-8548-44E4-9A1C-F03BFB67AD3B}.Release|Any CPU.ActiveCfg = Release|Any CPU
		{805E9015-8548-44E4-9A1C-F03BFB67AD3B}.Release|Any CPU.Build.0 = Release|Any CPU
		{722C1294-1B71-4081-B82F-65F60554D5D8}.Debug|Any CPU.ActiveCfg = Debug|Any CPU
		{722C1294-1B71-4081-B82F-65F60554D5D8}.Debug|Any CPU.Build.0 = Debug|Any CPU
		{722C1294-1B71-4081-B82F-65F60554D5D8}.Release|Any CPU.ActiveCfg = Release|Any CPU
		{722C1294-1B71-4081-B82F-65F60554D5D8}.Release|Any CPU.Build.0 = Release|Any CPU
	EndGlobalSection
	GlobalSection(SolutionProperties) = preSolution
		HideSolutionNode = FALSE
	EndGlobalSection
	GlobalSection(ExtensibilityGlobals) = postSolution
		SolutionGuid = {0AE50182-A98F-4FBA-AF5C-CEE0A29D242E}
	EndGlobalSection
EndGlobal
